// !$*UTF8*$!
{
	archiveVersion = 1;
	classes = {
	};
	objectVersion = 46;
	objects = {

/* Begin PBXBuildFile section */
		187B9B311DFF830D0057F29D /* main.m in Sources */ = {isa = PBXBuildFile; fileRef = 187B9B301DFF830D0057F29D /* main.m */; };
		187B9B341DFF830D0057F29D /* AppDelegate.m in Sources */ = {isa = PBXBuildFile; fileRef = 187B9B331DFF830D0057F29D /* AppDelegate.m */; };
		187B9B371DFF830D0057F29D /* ViewController.m in Sources */ = {isa = PBXBuildFile; fileRef = 187B9B361DFF830D0057F29D /* ViewController.m */; };
		187B9B3A1DFF830D0057F29D /* Main.storyboard in Resources */ = {isa = PBXBuildFile; fileRef = 187B9B381DFF830D0057F29D /* Main.storyboard */; };
		187B9B3C1DFF830D0057F29D /* Assets.xcassets in Resources */ = {isa = PBXBuildFile; fileRef = 187B9B3B1DFF830D0057F29D /* Assets.xcassets */; };
		187B9B3F1DFF830D0057F29D /* LaunchScreen.storyboard in Resources */ = {isa = PBXBuildFile; fileRef = 187B9B3D1DFF830D0057F29D /* LaunchScreen.storyboard */; };
		187B9B521DFF893F0057F29D /* PageTabBarController.m in Sources */ = {isa = PBXBuildFile; fileRef = 187B9B511DFF893F0057F29D /* PageTabBarController.m */; };
		187B9B551DFF8E7E0057F29D /* FirstViewController.m in Sources */ = {isa = PBXBuildFile; fileRef = 187B9B541DFF8E7E0057F29D /* FirstViewController.m */; };
		187B9B581DFF8E8A0057F29D /* SecondViewController.m in Sources */ = {isa = PBXBuildFile; fileRef = 187B9B571DFF8E890057F29D /* SecondViewController.m */; };
		187B9B5B1DFF8E930057F29D /* ThirdViewController.m in Sources */ = {isa = PBXBuildFile; fileRef = 187B9B5A1DFF8E930057F29D /* ThirdViewController.m */; };
		187B9B5E1DFF8E9D0057F29D /* ForthViewController.m in Sources */ = {isa = PBXBuildFile; fileRef = 187B9B5D1DFF8E9D0057F29D /* ForthViewController.m */; };
/* End PBXBuildFile section */

/* Begin PBXFileReference section */
		187B9B2C1DFF830D0057F29D /* PageViewController.app */ = {isa = PBXFileReference; explicitFileType = wrapper.application; includeInIndex = 0; path = PageViewController.app; sourceTree = BUILT_PRODUCTS_DIR; };
		187B9B301DFF830D0057F29D /* main.m */ = {isa = PBXFileReference; lastKnownFileType = sourcecode.c.objc; path = main.m; sourceTree = "<group>"; };
		187B9B321DFF830D0057F29D /* AppDelegate.h */ = {isa = PBXFileReference; lastKnownFileType = sourcecode.c.h; path = AppDelegate.h; sourceTree = "<group>"; };
		187B9B331DFF830D0057F29D /* AppDelegate.m */ = {isa = PBXFileReference; lastKnownFileType = sourcecode.c.objc; path = AppDelegate.m; sourceTree = "<group>"; };
		187B9B351DFF830D0057F29D /* ViewController.h */ = {isa = PBXFileReference; lastKnownFileType = sourcecode.c.h; path = ViewController.h; sourceTree = "<group>"; };
		187B9B361DFF830D0057F29D /* ViewController.m */ = {isa = PBXFileReference; lastKnownFileType = sourcecode.c.objc; path = ViewController.m; sourceTree = "<group>"; };
		187B9B391DFF830D0057F29D /* Base */ = {isa = PBXFileReference; lastKnownFileType = file.storyboard; name = Base; path = Base.lproj/Main.storyboard; sourceTree = "<group>"; };
		187B9B3B1DFF830D0057F29D /* Assets.xcassets */ = {isa = PBXFileReference; lastKnownFileType = folder.assetcatalog; path = Assets.xcassets; sourceTree = "<group>"; };
		187B9B3E1DFF830D0057F29D /* Base */ = {isa = PBXFileReference; lastKnownFileType = file.storyboard; name = Base; path = Base.lproj/LaunchScreen.storyboard; sourceTree = "<group>"; };
		187B9B401DFF830D0057F29D /* Info.plist */ = {isa = PBXFileReference; lastKnownFileType = text.plist.xml; path = Info.plist; sourceTree = "<group>"; };
		187B9B501DFF893F0057F29D /* PageTabBarController.h */ = {isa = PBXFileReference; fileEncoding = 4; lastKnownFileType = sourcecode.c.h; path = PageTabBarController.h; sourceTree = "<group>"; };
		187B9B511DFF893F0057F29D /* PageTabBarController.m */ = {isa = PBXFileReference; fileEncoding = 4; lastKnownFileType = sourcecode.c.objc; path = PageTabBarController.m; sourceTree = "<group>"; };
		187B9B531DFF8E7E0057F29D /* FirstViewController.h */ = {isa = PBXFileReference; fileEncoding = 4; lastKnownFileType = sourcecode.c.h; path = FirstViewController.h; sourceTree = "<group>"; };
		187B9B541DFF8E7E0057F29D /* FirstViewController.m */ = {isa = PBXFileReference; fileEncoding = 4; lastKnownFileType = sourcecode.c.objc; path = FirstViewController.m; sourceTree = "<group>"; };
		187B9B561DFF8E890057F29D /* SecondViewController.h */ = {isa = PBXFileReference; fileEncoding = 4; lastKnownFileType = sourcecode.c.h; path = SecondViewController.h; sourceTree = "<group>"; };
		187B9B571DFF8E890057F29D /* SecondViewController.m */ = {isa = PBXFileReference; fileEncoding = 4; lastKnownFileType = sourcecode.c.objc; path = SecondViewController.m; sourceTree = "<group>"; };
		187B9B591DFF8E920057F29D /* ThirdViewController.h */ = {isa = PBXFileReference; fileEncoding = 4; lastKnownFileType = sourcecode.c.h; path = ThirdViewController.h; sourceTree = "<group>"; };
		187B9B5A1DFF8E930057F29D /* ThirdViewController.m */ = {isa = PBXFileReference; fileEncoding = 4; lastKnownFileType = sourcecode.c.objc; path = ThirdViewController.m; sourceTree = "<group>"; };
		187B9B5C1DFF8E9D0057F29D /* ForthViewController.h */ = {isa = PBXFileReference; fileEncoding = 4; lastKnownFileType = sourcecode.c.h; path = ForthViewController.h; sourceTree = "<group>"; };
		187B9B5D1DFF8E9D0057F29D /* ForthViewController.m */ = {isa = PBXFileReference; fileEncoding = 4; lastKnownFileType = sourcecode.c.objc; path = ForthViewController.m; sourceTree = "<group>"; };
/* End PBXFileReference section */

/* Begin PBXFrameworksBuildPhase section */
		187B9B291DFF830D0057F29D /* Frameworks */ = {
			isa = PBXFrameworksBuildPhase;
			buildActionMask = 2147483647;
			files = (
			);
			runOnlyForDeploymentPostprocessing = 0;
		};
/* End PBXFrameworksBuildPhase section */

/* Begin PBXGroup section */
		187B9B231DFF830D0057F29D = {
			isa = PBXGroup;
			children = (
				187B9B2E1DFF830D0057F29D /* PageViewController */,
				187B9B2D1DFF830D0057F29D /* Products */,
			);
			sourceTree = "<group>";
		};
		187B9B2D1DFF830D0057F29D /* Products */ = {
			isa = PBXGroup;
			children = (
				187B9B2C1DFF830D0057F29D /* PageViewController.app */,
			);
			name = Products;
			sourceTree = "<group>";
		};
		187B9B2E1DFF830D0057F29D /* PageViewController */ = {
			isa = PBXGroup;
			children = (
				187B9B461DFF83330057F29D /* PageView */,
				187B9B321DFF830D0057F29D /* AppDelegate.h */,
				187B9B331DFF830D0057F29D /* AppDelegate.m */,
				187B9B531DFF8E7E0057F29D /* FirstViewController.h */,
				187B9B541DFF8E7E0057F29D /* FirstViewController.m */,
				187B9B561DFF8E890057F29D /* SecondViewController.h */,
				187B9B571DFF8E890057F29D /* SecondViewController.m */,
				187B9B591DFF8E920057F29D /* ThirdViewController.h */,
				187B9B5A1DFF8E930057F29D /* ThirdViewController.m */,
				187B9B5C1DFF8E9D0057F29D /* ForthViewController.h */,
				187B9B5D1DFF8E9D0057F29D /* ForthViewController.m */,
				187B9B351DFF830D0057F29D /* ViewController.h */,
				187B9B361DFF830D0057F29D /* ViewController.m */,
				187B9B381DFF830D0057F29D /* Main.storyboard */,
				187B9B3B1DFF830D0057F29D /* Assets.xcassets */,
				187B9B3D1DFF830D0057F29D /* LaunchScreen.storyboard */,
				187B9B401DFF830D0057F29D /* Info.plist */,
				187B9B2F1DFF830D0057F29D /* Supporting Files */,
			);
			path = PageViewController;
			sourceTree = "<group>";
		};
		187B9B2F1DFF830D0057F29D /* Supporting Files */ = {
			isa = PBXGroup;
			children = (
				187B9B301DFF830D0057F29D /* main.m */,
			);
			name = "Supporting Files";
			sourceTree = "<group>";
		};
		187B9B461DFF83330057F29D /* PageView */ = {
			isa = PBXGroup;
			children = (
				187B9B501DFF893F0057F29D /* PageTabBarController.h */,
				187B9B511DFF893F0057F29D /* PageTabBarController.m */,
			);
			path = PageView;
			sourceTree = "<group>";
		};
/* End PBXGroup section */

/* Begin PBXNativeTarget section */
		187B9B2B1DFF830D0057F29D /* PageViewController */ = {
			isa = PBXNativeTarget;
			buildConfigurationList = 187B9B431DFF830D0057F29D /* Build configuration list for PBXNativeTarget "PageViewController" */;
			buildPhases = (
				187B9B281DFF830D0057F29D /* Sources */,
				187B9B291DFF830D0057F29D /* Frameworks */,
				187B9B2A1DFF830D0057F29D /* Resources */,
			);
			buildRules = (
			);
			dependencies = (
			);
			name = PageViewController;
			productName = PageViewController;
			productReference = 187B9B2C1DFF830D0057F29D /* PageViewController.app */;
			productType = "com.apple.product-type.application";
		};
/* End PBXNativeTarget section */

/* Begin PBXProject section */
		187B9B241DFF830D0057F29D /* Project object */ = {
			isa = PBXProject;
			attributes = {
				LastUpgradeCheck = 0810;
				ORGANIZATIONNAME = Apple;
				TargetAttributes = {
					187B9B2B1DFF830D0057F29D = {
						CreatedOnToolsVersion = 8.1;
						ProvisioningStyle = Automatic;
					};
				};
			};
			buildConfigurationList = 187B9B271DFF830D0057F29D /* Build configuration list for PBXProject "PageViewController" */;
			compatibilityVersion = "Xcode 3.2";
			developmentRegion = English;
			hasScannedForEncodings = 0;
			knownRegions = (
				en,
				Base,
			);
			mainGroup = 187B9B231DFF830D0057F29D;
			productRefGroup = 187B9B2D1DFF830D0057F29D /* Products */;
			projectDirPath = "";
			projectRoot = "";
			targets = (
				187B9B2B1DFF830D0057F29D /* PageViewController */,
			);
		};
/* End PBXProject section */

/* Begin PBXResourcesBuildPhase section */
		187B9B2A1DFF830D0057F29D /* Resources */ = {
			isa = PBXResourcesBuildPhase;
			buildActionMask = 2147483647;
			files = (
				187B9B3F1DFF830D0057F29D /* LaunchScreen.storyboard in Resources */,
				187B9B3C1DFF830D0057F29D /* Assets.xcassets in Resources */,
				187B9B3A1DFF830D0057F29D /* Main.storyboard in Resources */,
			);
			runOnlyForDeploymentPostprocessing = 0;
		};
/* End PBXResourcesBuildPhase section */

/* Begin PBXSourcesBuildPhase section */
		187B9B281DFF830D0057F29D /* Sources */ = {
			isa = PBXSourcesBuildPhase;
			buildActionMask = 2147483647;
			files = (
				187B9B581DFF8E8A0057F29D /* SecondViewController.m in Sources */,
				187B9B371DFF830D0057F29D /* ViewController.m in Sources */,
				187B9B5E1DFF8E9D0057F29D /* ForthViewController.m in Sources */,
				187B9B341DFF830D0057F29D /* AppDelegate.m in Sources */,
				187B9B551DFF8E7E0057F29D /* FirstViewController.m in Sources */,
				187B9B521DFF893F0057F29D /* PageTabBarController.m in Sources */,
				187B9B311DFF830D0057F29D /* main.m in Sources */,
				187B9B5B1DFF8E930057F29D /* ThirdViewController.m in Sources */,
			);
			runOnlyForDeploymentPostprocessing = 0;
		};
/* End PBXSourcesBuildPhase section */

/* Begin PBXVariantGroup section */
		187B9B381DFF830D0057F29D /* Main.storyboard */ = {
			isa = PBXVariantGroup;
			children = (
				187B9B391DFF830D0057F29D /* Base */,
			);
			name = Main.storyboard;
			sourceTree = "<group>";
		};
		187B9B3D1DFF830D0057F29D /* LaunchScreen.storyboard */ = {
			isa = PBXVariantGroup;
			children = (
				187B9B3E1DFF830D0057F29D /* Base */,
			);
			name = LaunchScreen.storyboard;
			sourceTree = "<group>";
		};
/* End PBXVariantGroup section */

/* Begin XCBuildConfiguration section */
		187B9B411DFF830D0057F29D /* Debug */ = {
			isa = XCBuildConfiguration;
			buildSettings = {
				ALWAYS_SEARCH_USER_PATHS = NO;
				CLANG_ANALYZER_NONNULL = YES;
				CLANG_CXX_LANGUAGE_STANDARD = "gnu++0x";
				CLANG_CXX_LIBRARY = "libc++";
				CLANG_ENABLE_MODULES = YES;
				CLANG_ENABLE_OBJC_ARC = YES;
				CLANG_WARN_BOOL_CONVERSION = YES;
				CLANG_WARN_CONSTANT_CONVERSION = YES;
				CLANG_WARN_DIRECT_OBJC_ISA_USAGE = YES_ERROR;
				CLANG_WARN_DOCUMENTATION_COMMENTS = YES;
				CLANG_WARN_EMPTY_BODY = YES;
				CLANG_WARN_ENUM_CONVERSION = YES;
				CLANG_WARN_INFINITE_RECURSION = YES;
				CLANG_WARN_INT_CONVERSION = YES;
				CLANG_WARN_OBJC_ROOT_CLASS = YES_ERROR;
				CLANG_WARN_SUSPICIOUS_MOVES = YES;
				CLANG_WARN_UNREACHABLE_CODE = YES;
				CLANG_WARN__DUPLICATE_METHOD_MATCH = YES;
				"CODE_SIGN_IDENTITY[sdk=iphoneos*]" = "iPhone Developer";
				COPY_PHASE_STRIP = NO;
				DEBUG_INFORMATION_FORMAT = dwarf;
				ENABLE_STRICT_OBJC_MSGSEND = YES;
				ENABLE_TESTABILITY = YES;
				GCC_C_LANGUAGE_STANDARD = gnu99;
				GCC_DYNAMIC_NO_PIC = NO;
				GCC_NO_COMMON_BLOCKS = YES;
				GCC_OPTIMIZATION_LEVEL = 0;
				GCC_PREPROCESSOR_DEFINITIONS = (
					"DEBUG=1",
					"$(inherited)",
				);
				GCC_WARN_64_TO_32_BIT_CONVERSION = YES;
				GCC_WARN_ABOUT_RETURN_TYPE = YES_ERROR;
				GCC_WARN_UNDECLARED_SELECTOR = YES;
				GCC_WARN_UNINITIALIZED_AUTOS = YES_AGGRESSIVE;
				GCC_WARN_UNUSED_FUNCTION = YES;
				GCC_WARN_UNUSED_VARIABLE = YES;
				IPHONEOS_DEPLOYMENT_TARGET = 10.1;
				MTL_ENABLE_DEBUG_INFO = YES;
				ONLY_ACTIVE_ARCH = YES;
				SDKROOT = iphoneos;
				TARGETED_DEVICE_FAMILY = "1,2";
			};
			name = Debug;
		};
		187B9B421DFF830D0057F29D /* Release */ = {
			isa = XCBuildConfiguration;
			buildSettings = {
				ALWAYS_SEARCH_USER_PATHS = NO;
				CLANG_ANALYZER_NONNULL = YES;
				CLANG_CXX_LANGUAGE_STANDARD = "gnu++0x";
				CLANG_CXX_LIBRARY = "libc++";
				CLANG_ENABLE_MODULES = YES;
				CLANG_ENABLE_OBJC_ARC = YES;
				CLANG_WARN_BOOL_CONVERSION = YES;
				CLANG_WARN_CONSTANT_CONVERSION = YES;
				CLANG_WARN_DIRECT_OBJC_ISA_USAGE = YES_ERROR;
				CLANG_WARN_DOCUMENTATION_COMMENTS = YES;
				CLANG_WARN_EMPTY_BODY = YES;
				CLANG_WARN_ENUM_CONVERSION = YES;
				CLANG_WARN_INFINITE_RECURSION = YES;
				CLANG_WARN_INT_CONVERSION = YES;
				CLANG_WARN_OBJC_ROOT_CLASS = YES_ERROR;
				CLANG_WARN_SUSPICIOUS_MOVES = YES;
				CLANG_WARN_UNREACHABLE_CODE = YES;
				CLANG_WARN__DUPLICATE_METHOD_MATCH = YES;
				"CODE_SIGN_IDENTITY[sdk=iphoneos*]" = "iPhone Developer";
				COPY_PHASE_STRIP = NO;
				DEBUG_INFORMATION_FORMAT = "dwarf-with-dsym";
				ENABLE_NS_ASSERTIONS = NO;
				ENABLE_STRICT_OBJC_MSGSEND = YES;
				GCC_C_LANGUAGE_STANDARD = gnu99;
				GCC_NO_COMMON_BLOCKS = YES;
				GCC_WARN_64_TO_32_BIT_CONVERSION = YES;
				GCC_WARN_ABOUT_RETURN_TYPE = YES_ERROR;
				GCC_WARN_UNDECLARED_SELECTOR = YES;
				GCC_WARN_UNINITIALIZED_AUTOS = YES_AGGRESSIVE;
				GCC_WARN_UNUSED_FUNCTION = YES;
				GCC_WARN_UNUSED_VARIABLE = YES;
				IPHONEOS_DEPLOYMENT_TARGET = 10.1;
				MTL_ENABLE_DEBUG_INFO = NO;
				SDKROOT = iphoneos;
				TARGETED_DEVICE_FAMILY = "1,2";
				VALIDATE_PRODUCT = YES;
			};
			name = Release;
		};
		187B9B441DFF830D0057F29D /* Debug */ = {
			isa = XCBuildConfiguration;
			buildSettings = {
				ASSETCATALOG_COMPILER_APPICON_NAME = AppIcon;
				INFOPLIST_FILE = PageViewController/Info.plist;
				LD_RUNPATH_SEARCH_PATHS = "$(inherited) @executable_path/Frameworks";
				PRODUCT_BUNDLE_IDENTIFIER = com.zwlzlx.PageViewController;
				PRODUCT_NAME = "$(TARGET_NAME)";
			};
			name = Debug;
		};
		187B9B451DFF830D0057F29D /* Release */ = {
			isa = XCBuildConfiguration;
			buildSettings = {
				ASSETCATALOG_COMPILER_APPICON_NAME = AppIcon;
				INFOPLIST_FILE = PageViewController/Info.plist;
				LD_RUNPATH_SEARCH_PATHS = "$(inherited) @executable_path/Frameworks";
				PRODUCT_BUNDLE_IDENTIFIER = com.zwlzlx.PageViewController;
				PRODUCT_NAME = "$(TARGET_NAME)";
			};
			name = Release;
		};
/* End XCBuildConfiguration section */

/* Begin XCConfigurationList section */
		187B9B271DFF830D0057F29D /* Build configuration list for PBXProject "PageViewController" */ = {
			isa = XCConfigurationList;
			buildConfigurations = (
				187B9B411DFF830D0057F29D /* Debug */,
				187B9B421DFF830D0057F29D /* Release */,
			);
			defaultConfigurationIsVisible = 0;
			defaultConfigurationName = Release;
		};
		187B9B431DFF830D0057F29D /* Build configuration list for PBXNativeTarget "PageViewController" */ = {
			isa = XCConfigurationList;
			buildConfigurations = (
				187B9B441DFF830D0057F29D /* Debug */,
				187B9B451DFF830D0057F29D /* Release */,
			);
			defaultConfigurationIsVisible = 0;
		};
/* End XCConfigurationList section */
	};
	rootObject = 187B9B241DFF830D0057F29D /* Project object */;
}
